<?xml version="1.0" encoding="utf-8"?>
<Project ToolsVersion="4.0" xmlns="http://schemas.microsoft.com/developer/msbuild/2003">
  <ItemGroup>
    <Filter Include="src">
      <UniqueIdentifier>{b4552f08-edad-4708-bc26-4fd5328c0182}</UniqueIdentifier>
    </Filter>
    <Filter Include="src\framework">
      <UniqueIdentifier>{9297a626-4969-4245-a60e-a51d3d8b0eb8}</UniqueIdentifier>
    </Filter>
    <Filter Include="src\game">
      <UniqueIdentifier>{2e96f108-5d0e-4130-ba66-6305d49ff5b3}</UniqueIdentifier>
    </Filter>
    <Filter Include="src\framework\utils">
      <UniqueIdentifier>{8a1ed04a-8f4c-43d7-9cad-cdb039ee4d2d}</UniqueIdentifier>
    </Filter>
    <Filter Include="src\framework\sysgame">
      <UniqueIdentifier>{35127e21-0290-4d2b-a9b7-fb8742bc19a5}</UniqueIdentifier>
    </Filter>
    <Filter Include="src\framework\controller">
      <UniqueIdentifier>{56b13182-fa92-44e0-9b67-a8d28fec1adc}</UniqueIdentifier>
    </Filter>
    <Filter Include="src\game\controller">
      <UniqueIdentifier>{860fa988-d58e-4505-8b8f-ebbdb4586d38}</UniqueIdentifier>
    </Filter>
    <Filter Include="src\framework\view">
      <UniqueIdentifier>{eeb0bc56-0a29-41e8-a521-ca3873474f9a}</UniqueIdentifier>
    </Filter>
    <Filter Include="src\framework\view\gui">
      <UniqueIdentifier>{12acd012-9aec-4231-914d-38c01e20260c}</UniqueIdentifier>
    </Filter>
    <Filter Include="src\framework\view\allegro_manager">
      <UniqueIdentifier>{5e4fa792-1825-46aa-91ac-4279c629a072}</UniqueIdentifier>
    </Filter>
    <Filter Include="src\game\model">
      <UniqueIdentifier>{d06fe27b-a356-4ec9-ad7d-f15a90e3a75f}</UniqueIdentifier>
    </Filter>
    <Filter Include="src\game\model\stratego_engine">
      <UniqueIdentifier>{cba5c68e-2c8f-4794-b8d4-b410b072c1eb}</UniqueIdentifier>
    </Filter>
    <Filter Include="resource">
      <UniqueIdentifier>{67DA6AB6-F800-4c08-8B7A-83BB121AAD01}</UniqueIdentifier>
      <Extensions>rc;ico;cur;bmp;dlg;rc2;rct;bin;rgs;gif;jpg;jpeg;jpe;resx;tiff;tif;png;wav;mfcribbon-ms</Extensions>
    </Filter>
    <Filter Include="src\framework\view\allegro_manager\show_objects">
      <UniqueIdentifier>{6160d20c-bb6e-47e8-bd4d-3bc79296913c}</UniqueIdentifier>
    </Filter>
    <Filter Include="src\framework\view\utils">
      <UniqueIdentifier>{b272ff3b-05a7-4913-af36-462903ffcd6e}</UniqueIdentifier>
    </Filter>
    <Filter Include="resource\fonts">
      <UniqueIdentifier>{2bc66cce-762d-465b-a7de-358c7ee49def}</UniqueIdentifier>
    </Filter>
    <Filter Include="src\game\controller\about">
      <UniqueIdentifier>{89c1fa7d-9a33-4f41-ba75-93f6cff36d2b}</UniqueIdentifier>
    </Filter>
    <Filter Include="src\game\controller\defaultMenu">
      <UniqueIdentifier>{6b6d900d-ec65-46b3-98b4-63cccc34bda2}</UniqueIdentifier>
    </Filter>
    <Filter Include="src\game\controller\connectMenu">
      <UniqueIdentifier>{e1bd3953-c7c0-448f-8ae5-73695e5e3467}</UniqueIdentifier>
    </Filter>
    <Filter Include="src\game\controller\menuTest">
      <UniqueIdentifier>{eab09361-5716-4a0e-b660-e4a1e8a97c7f}</UniqueIdentifier>
    </Filter>
    <Filter Include="src\framework\model">
      <UniqueIdentifier>{7fac55b7-e61c-44c8-acb4-7f79e6fa5589}</UniqueIdentifier>
    </Filter>
    <Filter Include="src\framework\model\network">
      <UniqueIdentifier>{095fb05f-eb62-4df1-b1de-15c47340183a}</UniqueIdentifier>
    </Filter>
    <Filter Include="src\game\controller\showTimeTest">
      <UniqueIdentifier>{cc58ea48-46c1-4f29-bf31-e406dc199cf4}</UniqueIdentifier>
    </Filter>
    <Filter Include="src\game\controller\connectionLostMenu">
      <UniqueIdentifier>{e343f5f6-c84e-46f4-84d7-fedd3bd351db}</UniqueIdentifier>
    </Filter>
    <Filter Include="src\game\controller\gameArea">
      <UniqueIdentifier>{ce09cc5a-5ed3-4a18-9f40-4e9babb59083}</UniqueIdentifier>
    </Filter>
    <Filter Include="src\game\utils">
      <UniqueIdentifier>{726e46ac-9340-4cc4-9237-8f2300040f3f}</UniqueIdentifier>
    </Filter>
    <Filter Include="src\framework\view\widgets">
      <UniqueIdentifier>{0e3128e4-bed1-4d6c-ad41-8c7553ca0b30}</UniqueIdentifier>
    </Filter>
    <Filter Include="src\framework\view\widgets\showClocks">
      <UniqueIdentifier>{6e2ee14b-fb04-4771-8d8d-31d2f4fa38db}</UniqueIdentifier>
    </Filter>
    <Filter Include="src\framework\view\widgets\tokenContainer">
      <UniqueIdentifier>{6462bb26-6b4e-4f3b-9915-af0fe93d1f25}</UniqueIdentifier>
    </Filter>
    <Filter Include="src\framework\view\widgets\checkbox">
      <UniqueIdentifier>{3e6ffd49-a148-4892-a3c1-03ff3771c922}</UniqueIdentifier>
    </Filter>
  </ItemGroup>
  <ItemGroup>
    <ClCompile Include="src\framework\sysgame\sysgame.cpp">
      <Filter>src\framework\sysgame</Filter>
    </ClCompile>
    <ClCompile Include="src\main.cpp">
      <Filter>src</Filter>
    </ClCompile>
    <ClCompile Include="src\framework\controller\controller.cpp">
      <Filter>src\framework\controller</Filter>
    </ClCompile>
    <ClCompile Include="src\framework\model\network\NetworkManager.cpp">
      <Filter>src\framework\model\network</Filter>
    </ClCompile>
    <ClCompile Include="src\framework\model\network\NetworkProtocol.cpp">
      <Filter>src\framework\model\network</Filter>
    </ClCompile>
    <ClCompile Include="src\framework\model\network\Package.cpp">
      <Filter>src\framework\model\network</Filter>
    </ClCompile>
    <ClCompile Include="src\framework\view\allegro_manager\allegro_manager.cpp">
      <Filter>src\framework\view\allegro_manager</Filter>
    </ClCompile>
    <ClCompile Include="src\framework\view\gui\gui.cpp">
      <Filter>src\framework\view\gui</Filter>
    </ClCompile>
    <ClCompile Include="src\framework\view\widgets\naive_button.cpp">
      <Filter>src\framework\view\widgets</Filter>
    </ClCompile>
    <ClCompile Include="src\framework\view\widgets\widget.cpp">
      <Filter>src\framework\view\widgets</Filter>
    </ClCompile>
    <ClCompile Include="src\framework\view\allegro_manager\show_objects\showImage.cpp">
      <Filter>src\framework\view\allegro_manager\show_objects</Filter>
    </ClCompile>
    <ClCompile Include="src\framework\view\allegro_manager\show_objects\ShowObject.cpp">
      <Filter>src\framework\view\allegro_manager\show_objects</Filter>
    </ClCompile>
    <ClCompile Include="src\framework\view\widgets\background.cpp">
      <Filter>src\framework\view\widgets</Filter>
    </ClCompile>
    <ClCompile Include="src\framework\view\widgets\TableButton.cpp">
      <Filter>src\framework\view\widgets</Filter>
    </ClCompile>
    <ClCompile Include="src\framework\view\widgets\Table.cpp">
      <Filter>src\framework\view\widgets</Filter>
    </ClCompile>
    <ClCompile Include="src\framework\view\allegro_manager\show_objects\showRectangle.cpp">
      <Filter>src\framework\view\allegro_manager\show_objects</Filter>
    </ClCompile>
    <ClCompile Include="src\framework\view\widgets\screen_text.cpp">
      <Filter>src\framework\view\widgets</Filter>
    </ClCompile>
    <ClCompile Include="src\framework\utils\random_number.cpp">
      <Filter>src\framework\utils</Filter>
    </ClCompile>
    <ClCompile Include="src\framework\view\widgets\text_button.cpp">
      <Filter>src\framework\view\widgets</Filter>
    </ClCompile>
    <ClCompile Include="src\game\controller\aboutWindow\aboutWindow.cpp">
      <Filter>src\game\controller\about</Filter>
    </ClCompile>
    <ClCompile Include="src\game\controller\defaultMenu\defaultMenu.cpp">
      <Filter>src\game\controller\defaultMenu</Filter>
    </ClCompile>
    <ClCompile Include="src\framework\view\utils\good_buttons.cpp">
      <Filter>src\framework\view\utils</Filter>
    </ClCompile>
    <ClCompile Include="src\game\controller\connectMenu\connect_menu.cpp">
      <Filter>src\game\controller\connectMenu</Filter>
    </ClCompile>
    <ClCompile Include="src\framework\view\widgets\TextInput.cpp">
      <Filter>src\framework\view\widgets</Filter>
    </ClCompile>
    <ClCompile Include="src\framework\view\utils\copyBitmap.cpp">
      <Filter>src\framework\view\utils</Filter>
    </ClCompile>
    <ClCompile Include="src\framework\view\utils\getKey.cpp">
      <Filter>src\framework\view\utils</Filter>
    </ClCompile>
    <ClCompile Include="src\framework\view\widgets\Animation.cpp">
      <Filter>src\framework\view\widgets</Filter>
    </ClCompile>
    <ClCompile Include="src\game\controller\menu_test\menu_test.cpp">
      <Filter>src\game\controller\menuTest</Filter>
    </ClCompile>
    <ClCompile Include="src\framework\utils\getXMLFile.cpp">
      <Filter>src\framework\utils</Filter>
    </ClCompile>
    <ClCompile Include="src\framework\view\widgets\showClocks\showTime.cpp">
      <Filter>src\framework\view\widgets\showClocks</Filter>
    </ClCompile>
    <ClCompile Include="src\framework\utils\getMillisFromEpoch.cpp">
      <Filter>src\framework\utils</Filter>
    </ClCompile>
    <ClCompile Include="src\game\controller\showTimeTest\showTimeTest.cpp">
      <Filter>src\game\controller\showTimeTest</Filter>
    </ClCompile>
    <ClCompile Include="src\game\controller\connectionLostMenu\connectionLostMenu.cpp">
      <Filter>src\game\controller\connectionLostMenu</Filter>
    </ClCompile>
    <ClCompile Include="src\game\controller\gameArea\gameArea.cpp">
      <Filter>src\game\controller\gameArea</Filter>
    </ClCompile>
    <ClCompile Include="src\game\utils\genTokenImages.cpp">
      <Filter>src\game\utils</Filter>
    </ClCompile>
    <ClCompile Include="src\framework\view\widgets\TokenContainer\TokenContainer.cpp">
      <Filter>src\framework\view\widgets\tokenContainer</Filter>
    </ClCompile>
    <ClCompile Include="src\framework\view\widgets\TokenContainer\MouseFollower.cpp">
      <Filter>src\framework\view\widgets\tokenContainer</Filter>
    </ClCompile>
    <ClCompile Include="src\game\model\stratego_engine\BasicToken.cpp">
      <Filter>src\game\model\stratego_engine</Filter>
    </ClCompile>
    <ClCompile Include="src\game\model\stratego_engine\BombToken.cpp">
      <Filter>src\game\model\stratego_engine</Filter>
    </ClCompile>
    <ClCompile Include="src\game\model\stratego_engine\CaptainToken.cpp">
      <Filter>src\game\model\stratego_engine</Filter>
    </ClCompile>
    <ClCompile Include="src\game\model\stratego_engine\ColonelToken.cpp">
      <Filter>src\game\model\stratego_engine</Filter>
    </ClCompile>
    <ClCompile Include="src\game\model\stratego_engine\FlagToken.cpp">
      <Filter>src\game\model\stratego_engine</Filter>
    </ClCompile>
    <ClCompile Include="src\game\model\stratego_engine\GameBoard.cpp">
      <Filter>src\game\model\stratego_engine</Filter>
    </ClCompile>
    <ClCompile Include="src\game\model\stratego_engine\GeneralToken.cpp">
      <Filter>src\game\model\stratego_engine</Filter>
    </ClCompile>
    <ClCompile Include="src\game\model\stratego_engine\LieutenantToken.cpp">
      <Filter>src\game\model\stratego_engine</Filter>
    </ClCompile>
    <ClCompile Include="src\game\model\stratego_engine\MajorToken.cpp">
      <Filter>src\game\model\stratego_engine</Filter>
    </ClCompile>
    <ClCompile Include="src\game\model\stratego_engine\MarshalToken.cpp">
      <Filter>src\game\model\stratego_engine</Filter>
    </ClCompile>
    <ClCompile Include="src\game\model\stratego_engine\MinerToken.cpp">
      <Filter>src\game\model\stratego_engine</Filter>
    </ClCompile>
    <ClCompile Include="src\game\model\stratego_engine\Player.cpp">
      <Filter>src\game\model\stratego_engine</Filter>
    </ClCompile>
    <ClCompile Include="src\game\model\stratego_engine\PosType.cpp">
      <Filter>src\game\model\stratego_engine</Filter>
    </ClCompile>
    <ClCompile Include="src\game\model\stratego_engine\ScoutToken.cpp">
      <Filter>src\game\model\stratego_engine</Filter>
    </ClCompile>
    <ClCompile Include="src\game\model\stratego_engine\SergeantToken.cpp">
      <Filter>src\game\model\stratego_engine</Filter>
    </ClCompile>
    <ClCompile Include="src\game\model\stratego_engine\SpyToken.cpp">
      <Filter>src\game\model\stratego_engine</Filter>
    </ClCompile>
    <ClCompile Include="src\framework\view\widgets\checkbox\checkbox.cpp">
      <Filter>src\framework\view\widgets\checkbox</Filter>
    </ClCompile>
  </ItemGroup>
  <ItemGroup>
    <ClInclude Include="src\framework\sysgame\sysgame.h">
      <Filter>src\framework\sysgame</Filter>
    </ClInclude>
    <ClInclude Include="src\framework\controller\controller.h">
      <Filter>src\framework\controller</Filter>
    </ClInclude>
    <ClInclude Include="src\framework\model\network\networkManager.h">
      <Filter>src\framework\model\network</Filter>
    </ClInclude>
    <ClInclude Include="src\framework\model\network\NetworkProtocol.h">
      <Filter>src\framework\model\network</Filter>
    </ClInclude>
    <ClInclude Include="src\framework\model\network\Package.h">
      <Filter>src\framework\model\network</Filter>
    </ClInclude>
    <ClInclude Include="src\framework\view\allegro_manager\allegro_manager.h">
      <Filter>src\framework\view\allegro_manager</Filter>
    </ClInclude>
    <ClInclude Include="src\framework\view\gui\gui.h">
      <Filter>src\framework\view\gui</Filter>
    </ClInclude>
    <ClInclude Include="src\framework\view\widgets\naive_button.h">
      <Filter>src\framework\view\widgets</Filter>
    </ClInclude>
    <ClInclude Include="src\framework\view\widgets\widget.h">
      <Filter>src\framework\view\widgets</Filter>
    </ClInclude>
    <ClInclude Include="src\framework\view\allegro_manager\show_objects\showImage.h">
      <Filter>src\framework\view\allegro_manager\show_objects</Filter>
    </ClInclude>
    <ClInclude Include="src\framework\view\allegro_manager\show_objects\ShowObject.h">
      <Filter>src\framework\view\allegro_manager\show_objects</Filter>
    </ClInclude>
    <ClInclude Include="src\framework\view\widgets\background.h">
      <Filter>src\framework\view\widgets</Filter>
    </ClInclude>
    <ClInclude Include="src\framework\view\widgets\text_button.h">
      <Filter>src\framework\view\widgets</Filter>
    </ClInclude>
    <ClInclude Include="src\framework\view\widgets\TableButton.h">
      <Filter>src\framework\view\widgets</Filter>
    </ClInclude>
    <ClInclude Include="src\framework\view\widgets\Table.h">
      <Filter>src\framework\view\widgets</Filter>
    </ClInclude>
    <ClInclude Include="src\framework\view\allegro_manager\show_objects\showRectangle.h">
      <Filter>src\framework\view\allegro_manager\show_objects</Filter>
    </ClInclude>
    <ClInclude Include="src\framework\view\widgets\screen_text.h">
      <Filter>src\framework\view\widgets</Filter>
    </ClInclude>
    <ClInclude Include="src\framework\utils\random_number.h">
      <Filter>src\framework\utils</Filter>
    </ClInclude>
    <ClInclude Include="src\game\controller\aboutWindow\aboutWindow.h">
      <Filter>src\game\controller\about</Filter>
    </ClInclude>
    <ClInclude Include="src\game\controller\defaultMenu\defaultMenu.h">
      <Filter>src\game\controller\defaultMenu</Filter>
    </ClInclude>
    <ClInclude Include="src\framework\view\utils\good_buttons.h">
      <Filter>src\framework\view\utils</Filter>
    </ClInclude>
    <ClInclude Include="src\game\controller\connectMenu\connect_menu.h">
      <Filter>src\game\controller\connectMenu</Filter>
    </ClInclude>
    <ClInclude Include="src\framework\view\widgets\TextInput.h">
      <Filter>src\framework\view\widgets</Filter>
    </ClInclude>
    <ClInclude Include="src\framework\view\utils\copyBitmap.h">
      <Filter>src\framework\view\utils</Filter>
    </ClInclude>
    <ClInclude Include="src\framework\view\utils\getKey.h">
      <Filter>src\framework\view\utils</Filter>
    </ClInclude>
    <ClInclude Include="src\framework\view\widgets\Animation.h">
      <Filter>src\framework\view\widgets</Filter>
    </ClInclude>
    <ClInclude Include="src\game\controller\menu_test\menu_test.h">
      <Filter>src\game\controller\menuTest</Filter>
    </ClInclude>
    <ClInclude Include="src\framework\utils\getXMLFile.h">
      <Filter>src\framework\utils</Filter>
    </ClInclude>
    <ClInclude Include="src\framework\view\widgets\showClocks\showTime.h">
      <Filter>src\framework\view\widgets\showClocks</Filter>
    </ClInclude>
    <ClInclude Include="src\framework\utils\getMillisFromEpoch.h">
      <Filter>src\framework\utils</Filter>
    </ClInclude>
    <ClInclude Include="src\game\controller\showTimeTest\showTimeTest.h">
      <Filter>src\game\controller\showTimeTest</Filter>
    </ClInclude>
    <ClInclude Include="src\game\controller\connectionLostMenu\connectionLostMenu.h">
      <Filter>src\game\controller\connectionLostMenu</Filter>
    </ClInclude>
    <ClInclude Include="src\game\controller\gameArea\gameArea.h">
      <Filter>src\game\controller\gameArea</Filter>
    </ClInclude>
    <ClInclude Include="src\game\utils\genTokenImages.h">
      <Filter>src\game\utils</Filter>
    </ClInclude>
    <ClInclude Include="src\framework\view\widgets\TokenContainer\TokenContainer.h">
      <Filter>src\framework\view\widgets\tokenContainer</Filter>
    </ClInclude>
    <ClInclude Include="src\framework\view\widgets\TokenContainer\MouseFollower.h">
      <Filter>src\framework\view\widgets\tokenContainer</Filter>
    </ClInclude>
    <ClInclude Include="src\game\model\stratego_engine\BasicToken.h">
      <Filter>src\game\model\stratego_engine</Filter>
    </ClInclude>
    <ClInclude Include="src\game\model\stratego_engine\BombToken.h">
      <Filter>src\game\model\stratego_engine</Filter>
    </ClInclude>
    <ClInclude Include="src\game\model\stratego_engine\CaptainToken.h">
      <Filter>src\game\model\stratego_engine</Filter>
    </ClInclude>
    <ClInclude Include="src\game\model\stratego_engine\ColonelToken.h">
      <Filter>src\game\model\stratego_engine</Filter>
    </ClInclude>
    <ClInclude Include="src\game\model\stratego_engine\FlagToken.h">
      <Filter>src\game\model\stratego_engine</Filter>
    </ClInclude>
    <ClInclude Include="src\game\model\stratego_engine\GameBoard.h">
      <Filter>src\game\model\stratego_engine</Filter>
    </ClInclude>
    <ClInclude Include="src\game\model\stratego_engine\GeneralToken.h">
      <Filter>src\game\model\stratego_engine</Filter>
    </ClInclude>
    <ClInclude Include="src\game\model\stratego_engine\LieutenantToken.h">
      <Filter>src\game\model\stratego_engine</Filter>
    </ClInclude>
    <ClInclude Include="src\game\model\stratego_engine\MajorToken.h">
      <Filter>src\game\model\stratego_engine</Filter>
    </ClInclude>
    <ClInclude Include="src\game\model\stratego_engine\MarshalToken.h">
      <Filter>src\game\model\stratego_engine</Filter>
    </ClInclude>
    <ClInclude Include="src\game\model\stratego_engine\MinerToken.h">
      <Filter>src\game\model\stratego_engine</Filter>
    </ClInclude>
    <ClInclude Include="src\game\model\stratego_engine\Player.h">
      <Filter>src\game\model\stratego_engine</Filter>
    </ClInclude>
    <ClInclude Include="src\game\model\stratego_engine\PosType.h">
      <Filter>src\game\model\stratego_engine</Filter>
    </ClInclude>
    <ClInclude Include="src\game\model\stratego_engine\ScoutToken.h">
      <Filter>src\game\model\stratego_engine</Filter>
    </ClInclude>
    <ClInclude Include="src\game\model\stratego_engine\SergeantToken.h">
      <Filter>src\game\model\stratego_engine</Filter>
    </ClInclude>
    <ClInclude Include="src\game\model\stratego_engine\SpyToken.h">
      <Filter>src\game\model\stratego_engine</Filter>
    </ClInclude>
    <ClInclude Include="src\framework\view\widgets\checkbox\checkbox.h">
      <Filter>src\framework\view\widgets\checkbox</Filter>
    </ClInclude>
  </ItemGroup>
  <ItemGroup>
    <None Include="packages.config" />
    <None Include="src\game\model\stratego_engine\ClassDiagram.cd">
      <Filter>src\game\model\stratego_engine</Filter>
    </None>
  </ItemGroup>
  <ItemGroup>
    <Font Include="resource\fonts\roboto\robotottf\Roboto-Black.ttf">
      <Filter>resource\fonts</Filter>
    </Font>
    <Font Include="resource\fonts\roboto\robotottf\Roboto-Bold.ttf">
      <Filter>resource\fonts</Filter>
    </Font>
    <Font Include="resource\fonts\roboto\robotottf\Roboto-Light.ttf">
      <Filter>resource\fonts</Filter>
    </Font>
    <Font Include="resource\fonts\roboto\robotottf\Roboto-Regular.ttf">
      <Filter>resource\fonts</Filter>
    </Font>
  </ItemGroup>
  <ItemGroup>
    <Xml Include="..\Debug\resource\audios.xml">
      <Filter>resource</Filter>
    </Xml>
    <Xml Include="..\Debug\resource\colors.xml">
      <Filter>resource</Filter>
    </Xml>
    <Xml Include="..\Debug\resource\fonts.xml">
      <Filter>resource</Filter>
    </Xml>
    <Xml Include="..\Debug\resource\game_config.xml">
      <Filter>resource</Filter>
    </Xml>
    <Xml Include="..\Debug\resource\images.xml">
      <Filter>resource</Filter>
    </Xml>
    <Xml Include="..\Debug\resource\protocol.xml">
      <Filter>resource</Filter>
    </Xml>
  </ItemGroup>
</Project>