<?xml version="1.0" encoding="utf-8"?>
<Project ToolsVersion="4.0" xmlns="http://schemas.microsoft.com/developer/msbuild/2003">
  <ItemGroup>
    <Filter Include="src">
      <UniqueIdentifier>{b4552f08-edad-4708-bc26-4fd5328c0182}</UniqueIdentifier>
    </Filter>
    <Filter Include="src\framework">
      <UniqueIdentifier>{9297a626-4969-4245-a60e-a51d3d8b0eb8}</UniqueIdentifier>
    </Filter>
    <Filter Include="src\game">
      <UniqueIdentifier>{2e96f108-5d0e-4130-ba66-6305d49ff5b3}</UniqueIdentifier>
    </Filter>
    <Filter Include="src\framework\utils">
      <UniqueIdentifier>{8a1ed04a-8f4c-43d7-9cad-cdb039ee4d2d}</UniqueIdentifier>
    </Filter>
    <Filter Include="src\framework\sysgame">
      <UniqueIdentifier>{35127e21-0290-4d2b-a9b7-fb8742bc19a5}</UniqueIdentifier>
    </Filter>
    <Filter Include="src\framework\controller">
      <UniqueIdentifier>{56b13182-fa92-44e0-9b67-a8d28fec1adc}</UniqueIdentifier>
    </Filter>
    <Filter Include="src\game\controller">
      <UniqueIdentifier>{860fa988-d58e-4505-8b8f-ebbdb4586d38}</UniqueIdentifier>
    </Filter>
    <Filter Include="src\game\controller\menu_1">
      <UniqueIdentifier>{e1bd3953-c7c0-448f-8ae5-73695e5e3467}</UniqueIdentifier>
    </Filter>
    <Filter Include="src\framework\view">
      <UniqueIdentifier>{eeb0bc56-0a29-41e8-a521-ca3873474f9a}</UniqueIdentifier>
    </Filter>
    <Filter Include="src\framework\view\gui">
      <UniqueIdentifier>{12acd012-9aec-4231-914d-38c01e20260c}</UniqueIdentifier>
    </Filter>
    <Filter Include="src\framework\view\widgets">
      <UniqueIdentifier>{0e3128e4-bed1-4d6c-ad41-8c7553ca0b30}</UniqueIdentifier>
    </Filter>
    <Filter Include="src\framework\view\allegro_manager">
      <UniqueIdentifier>{5e4fa792-1825-46aa-91ac-4279c629a072}</UniqueIdentifier>
    </Filter>
    <Filter Include="src\game\model">
      <UniqueIdentifier>{d06fe27b-a356-4ec9-ad7d-f15a90e3a75f}</UniqueIdentifier>
    </Filter>
    <Filter Include="src\game\sysgame">
      <UniqueIdentifier>{b5c0f35c-3575-4545-b6d9-375fd3845a3d}</UniqueIdentifier>
    </Filter>
    <Filter Include="src\game\model\stratego_engine">
      <UniqueIdentifier>{cba5c68e-2c8f-4794-b8d4-b410b072c1eb}</UniqueIdentifier>
    </Filter>
    <Filter Include="src\game\controller\menu_2">
      <UniqueIdentifier>{cc58ea48-46c1-4f29-bf31-e406dc199cf4}</UniqueIdentifier>
    </Filter>
    <Filter Include="resource">
      <UniqueIdentifier>{67DA6AB6-F800-4c08-8B7A-83BB121AAD01}</UniqueIdentifier>
      <Extensions>rc;ico;cur;bmp;dlg;rc2;rct;bin;rgs;gif;jpg;jpeg;jpe;resx;tiff;tif;png;wav;mfcribbon-ms</Extensions>
    </Filter>
    <Filter Include="src\game\controller\menu_test">
      <UniqueIdentifier>{0c2c1663-38f5-4f14-9f76-9b34c78e9c7a}</UniqueIdentifier>
    </Filter>
    <Filter Include="src\framework\view\allegro_manager\show_objects">
      <UniqueIdentifier>{6160d20c-bb6e-47e8-bd4d-3bc79296913c}</UniqueIdentifier>
    </Filter>
    <Filter Include="src\framework\view\utils">
      <UniqueIdentifier>{b272ff3b-05a7-4913-af36-462903ffcd6e}</UniqueIdentifier>
    </Filter>
    <Filter Include="src\framework\controller\model">
      <UniqueIdentifier>{7fac55b7-e61c-44c8-acb4-7f79e6fa5589}</UniqueIdentifier>
    </Filter>
    <Filter Include="src\framework\controller\model\network">
      <UniqueIdentifier>{095fb05f-eb62-4df1-b1de-15c47340183a}</UniqueIdentifier>
    </Filter>
    <Filter Include="resource\fonts">
      <UniqueIdentifier>{2bc66cce-762d-465b-a7de-358c7ee49def}</UniqueIdentifier>
    </Filter>
    <Filter Include="src\game\controller\about">
      <UniqueIdentifier>{89c1fa7d-9a33-4f41-ba75-93f6cff36d2b}</UniqueIdentifier>
    </Filter>
    <Filter Include="src\game\controller\defaultMenu">
      <UniqueIdentifier>{6b6d900d-ec65-46b3-98b4-63cccc34bda2}</UniqueIdentifier>
    </Filter>
    <Filter Include="src\game\NewFilter1">
      <UniqueIdentifier>{0df18463-7b4f-4438-8d70-a89aab129311}</UniqueIdentifier>
    </Filter>
  </ItemGroup>
  <ItemGroup>
    <ClCompile Include="src\framework\sysgame\sysgame.cpp">
      <Filter>src\framework\sysgame</Filter>
    </ClCompile>
    <ClCompile Include="src\main.cpp">
      <Filter>src</Filter>
    </ClCompile>
    <ClCompile Include="src\framework\controller\controller.cpp">
      <Filter>src\framework\controller</Filter>
    </ClCompile>
    <ClCompile Include="src\framework\model\network\NetworkManager.cpp">
      <Filter>src\framework\controller\model\network</Filter>
    </ClCompile>
    <ClCompile Include="src\framework\model\network\NetworkProtocol.cpp">
      <Filter>src\framework\controller\model\network</Filter>
    </ClCompile>
    <ClCompile Include="src\framework\model\network\Package.cpp">
      <Filter>src\framework\controller\model\network</Filter>
    </ClCompile>
    <ClCompile Include="src\framework\view\allegro_manager\allegro_manager.cpp">
      <Filter>src\framework\view\allegro_manager</Filter>
    </ClCompile>
    <ClCompile Include="src\framework\view\gui\gui.cpp">
      <Filter>src\framework\view\gui</Filter>
    </ClCompile>
    <ClCompile Include="src\framework\view\widgets\naive_button.cpp">
      <Filter>src\framework\view\widgets</Filter>
    </ClCompile>
    <ClCompile Include="src\framework\view\widgets\widget.cpp">
      <Filter>src\framework\view\widgets</Filter>
    </ClCompile>
    <ClCompile Include="src\game\controller\menu_test\menu_test.cpp">
      <Filter>src\game\controller\menu_test</Filter>
    </ClCompile>
    <ClCompile Include="src\framework\view\allegro_manager\show_objects\showImage.cpp">
      <Filter>src\framework\view\allegro_manager\show_objects</Filter>
    </ClCompile>
    <ClCompile Include="src\framework\view\allegro_manager\show_objects\ShowObject.cpp">
      <Filter>src\framework\view\allegro_manager\show_objects</Filter>
    </ClCompile>
    <ClCompile Include="src\framework\view\widgets\background.cpp">
      <Filter>src\framework\view\widgets</Filter>
    </ClCompile>
    <ClCompile Include="src\framework\view\widgets\TableButton.cpp">
      <Filter>src\framework\view\widgets</Filter>
    </ClCompile>
    <ClCompile Include="src\framework\view\widgets\Table.cpp">
      <Filter>src\framework\view\widgets</Filter>
    </ClCompile>
    <ClCompile Include="src\framework\view\allegro_manager\show_objects\showRectangle.cpp">
      <Filter>src\framework\view\allegro_manager\show_objects</Filter>
    </ClCompile>
    <ClCompile Include="src\framework\view\widgets\screen_text.cpp">
      <Filter>src\framework\view\widgets</Filter>
    </ClCompile>
    <ClCompile Include="src\framework\utils\random_number.cpp">
      <Filter>src\framework\utils</Filter>
    </ClCompile>
    <ClCompile Include="src\framework\view\widgets\text_button.cpp">
      <Filter>src\framework\view\widgets</Filter>
    </ClCompile>
    <ClCompile Include="src\game\controller\aboutWindow\aboutWindow.cpp">
      <Filter>src\game\controller\about</Filter>
    </ClCompile>
    <ClCompile Include="src\game\controller\defaultMenu\defaultMenu.cpp">
      <Filter>src\game\controller\defaultMenu</Filter>
    </ClCompile>
    <ClCompile Include="src\framework\view\utils\good_buttons.cpp">
      <Filter>src\framework\view\utils</Filter>
    </ClCompile>
  </ItemGroup>
  <ItemGroup>
    <ClInclude Include="src\framework\sysgame\sysgame.h">
      <Filter>src\framework\sysgame</Filter>
    </ClInclude>
    <ClInclude Include="src\framework\controller\controller.h">
      <Filter>src\framework\controller</Filter>
    </ClInclude>
    <ClInclude Include="src\framework\model\network\networkManager.h">
      <Filter>src\framework\controller\model\network</Filter>
    </ClInclude>
    <ClInclude Include="src\framework\model\network\NetworkProtocol.h">
      <Filter>src\framework\controller\model\network</Filter>
    </ClInclude>
    <ClInclude Include="src\framework\model\network\Package.h">
      <Filter>src\framework\controller\model\network</Filter>
    </ClInclude>
    <ClInclude Include="src\framework\view\allegro_manager\allegro_manager.h">
      <Filter>src\framework\view\allegro_manager</Filter>
    </ClInclude>
    <ClInclude Include="src\framework\view\gui\gui.h">
      <Filter>src\framework\view\gui</Filter>
    </ClInclude>
    <ClInclude Include="src\framework\view\widgets\naive_button.h">
      <Filter>src\framework\view\widgets</Filter>
    </ClInclude>
    <ClInclude Include="src\framework\view\widgets\widget.h">
      <Filter>src\framework\view\widgets</Filter>
    </ClInclude>
    <ClInclude Include="src\game\controller\menu_test\menu_test.h">
      <Filter>src\game\controller\menu_test</Filter>
    </ClInclude>
    <ClInclude Include="src\framework\view\allegro_manager\show_objects\showImage.h">
      <Filter>src\framework\view\allegro_manager\show_objects</Filter>
    </ClInclude>
    <ClInclude Include="src\framework\view\allegro_manager\show_objects\ShowObject.h">
      <Filter>src\framework\view\allegro_manager\show_objects</Filter>
    </ClInclude>
    <ClInclude Include="src\framework\view\widgets\background.h">
      <Filter>src\framework\view\widgets</Filter>
    </ClInclude>
    <ClInclude Include="src\framework\view\widgets\text_button.h">
      <Filter>src\framework\view\widgets</Filter>
    </ClInclude>
    <ClInclude Include="src\framework\view\widgets\TableButton.h">
      <Filter>src\framework\view\widgets</Filter>
    </ClInclude>
    <ClInclude Include="src\framework\view\widgets\Table.h">
      <Filter>src\framework\view\widgets</Filter>
    </ClInclude>
    <ClInclude Include="src\framework\view\allegro_manager\show_objects\showRectangle.h">
      <Filter>src\framework\view\allegro_manager\show_objects</Filter>
    </ClInclude>
    <ClInclude Include="src\framework\view\widgets\screen_text.h">
      <Filter>src\framework\view\widgets</Filter>
    </ClInclude>
    <ClInclude Include="src\framework\utils\random_number.h">
      <Filter>src\framework\utils</Filter>
    </ClInclude>
    <ClInclude Include="src\game\controller\aboutWindow\aboutWindow.h">
      <Filter>src\game\controller\about</Filter>
    </ClInclude>
    <ClInclude Include="src\game\controller\defaultMenu\defaultMenu.h">
      <Filter>src\game\controller\defaultMenu</Filter>
    </ClInclude>
    <ClInclude Include="src\framework\view\utils\good_buttons.h">
      <Filter>src\framework\view\utils</Filter>
    </ClInclude>
  </ItemGroup>
  <ItemGroup>
    <None Include="packages.config" />
  </ItemGroup>
  <ItemGroup>
    <Xml Include="resource\protocol.xml">
      <Filter>resource</Filter>
    </Xml>
    <Xml Include="resource\game_config.xml">
      <Filter>resource</Filter>
    </Xml>
    <Xml Include="resource\images.xml">
      <Filter>resource</Filter>
    </Xml>
    <Xml Include="resource\fonts.xml">
      <Filter>resource</Filter>
    </Xml>
  </ItemGroup>
  <ItemGroup>
    <Font Include="resource\fonts\roboto\robotottf\Roboto-Black.ttf">
      <Filter>resource\fonts</Filter>
    </Font>
    <Font Include="resource\fonts\roboto\robotottf\Roboto-Bold.ttf">
      <Filter>resource\fonts</Filter>
    </Font>
    <Font Include="resource\fonts\roboto\robotottf\Roboto-Light.ttf">
      <Filter>resource\fonts</Filter>
    </Font>
    <Font Include="resource\fonts\roboto\robotottf\Roboto-Regular.ttf">
      <Filter>resource\fonts</Filter>
    </Font>
  </ItemGroup>
</Project>